
Microsoft Visual Studio Solution File, Format Version 12.00
# Visual Studio Version 17
VisualStudioVersion = 17.4.33213.308
MinimumVisualStudioVersion = 10.0.40219.1
Project("{9092AA53-FB77-4645-B42D-1CCCA6BD08BD}") = "NodejsWebApp1", "NodejsWebApp1.njsproj", "{2768E198-C34B-49FF-B9B5-CA407EE1E196}"
EndProject
Global
	GlobalSection(SolutionConfigurationPlatforms) = preSolution
		Debug|Any CPU = Debug|Any CPU
		Release|Any CPU = Release|Any CPU
	EndGlobalSection
	GlobalSection(ProjectConfigurationPlatforms) = postSolution
		{2768E198-C34B-49FF-B9B5-CA407EE1E196}.Debug|Any CPU.ActiveCfg = Debug|Any CPU
		{2768E198-C34B-49FF-B9B5-CA407EE1E196}.Debug|Any CPU.Build.0 = Debug|Any CPU
		{2768E198-C34B-49FF-B9B5-CA407EE1E196}.Release|Any CPU.ActiveCfg = Release|Any CPU
		{2768E198-C34B-49FF-B9B5-CA407EE1E196}.Release|Any CPU.Build.0 = Release|Any CPU
	EndGlobalSection
	GlobalSection(SolutionProperties) = preSolution
		HideSolutionNode = FALSE
	EndGlobalSection
	GlobalSection(ExtensibilityGlobals) = postSolution
		SolutionGuid = {E1ADEEF9-C8CA-45BB-B198-2368ABA6B793}
	EndGlobalSection
EndGlobal
